
Microsoft Visual Studio Solution File, Format Version 12.00
# Visual Studio Version 17
VisualStudioVersion = 17.8.34511.84
MinimumVisualStudioVersion = 10.0.40219.1
Project("{9A19103F-16F7-4668-BE54-9A1E7A4F7556}") = "RecetteApi", "RecetteApi\RecetteApi.csproj", "{FBA004FB-D3DD-4CC8-BD18-25CAAF70CA1F}"
EndProject
Project("{FAE04EC0-301F-11D3-BF4B-00C04F79EFBC}") = "RecetteExtractor", "RecetteExtractor\RecetteExtractor.csproj", "{D5D641BA-0457-412E-AC61-A2070ECE671B}"
EndProject
Project("{FAE04EC0-301F-11D3-BF4B-00C04F79EFBC}") = "RecetteClassLibrary", "RecetteClassLibrary\RecetteClassLibrary.csproj", "{4D2FFAE2-DCAB-41C4-A30A-5F028566807A}"
EndProject
Global
	GlobalSection(SolutionConfigurationPlatforms) = preSolution
		Debug|Any CPU = Debug|Any CPU
		Release|Any CPU = Release|Any CPU
	EndGlobalSection
	GlobalSection(ProjectConfigurationPlatforms) = postSolution
		{FBA004FB-D3DD-4CC8-BD18-25CAAF70CA1F}.Debug|Any CPU.ActiveCfg = Debug|Any CPU
		{FBA004FB-D3DD-4CC8-BD18-25CAAF70CA1F}.Debug|Any CPU.Build.0 = Debug|Any CPU
		{FBA004FB-D3DD-4CC8-BD18-25CAAF70CA1F}.Release|Any CPU.ActiveCfg = Release|Any CPU
		{FBA004FB-D3DD-4CC8-BD18-25CAAF70CA1F}.Release|Any CPU.Build.0 = Release|Any CPU
		{D5D641BA-0457-412E-AC61-A2070ECE671B}.Debug|Any CPU.ActiveCfg = Debug|Any CPU
		{D5D641BA-0457-412E-AC61-A2070ECE671B}.Debug|Any CPU.Build.0 = Debug|Any CPU
		{D5D641BA-0457-412E-AC61-A2070ECE671B}.Release|Any CPU.ActiveCfg = Release|Any CPU
		{D5D641BA-0457-412E-AC61-A2070ECE671B}.Release|Any CPU.Build.0 = Release|Any CPU
		{4D2FFAE2-DCAB-41C4-A30A-5F028566807A}.Debug|Any CPU.ActiveCfg = Debug|Any CPU
		{4D2FFAE2-DCAB-41C4-A30A-5F028566807A}.Debug|Any CPU.Build.0 = Debug|Any CPU
		{4D2FFAE2-DCAB-41C4-A30A-5F028566807A}.Release|Any CPU.ActiveCfg = Release|Any CPU
		{4D2FFAE2-DCAB-41C4-A30A-5F028566807A}.Release|Any CPU.Build.0 = Release|Any CPU
	EndGlobalSection
	GlobalSection(SolutionProperties) = preSolution
		HideSolutionNode = FALSE
	EndGlobalSection
	GlobalSection(ExtensibilityGlobals) = postSolution
		SolutionGuid = {33040C67-E4E2-427B-B597-77DF7363271B}
	EndGlobalSection
EndGlobal
